// !$*UTF8*$!
{
	archiveVersion = 1;
	classes = {
	};
	objectVersion = 48;
	objects = {

/* Begin PBXBuildFile section */
		2C746CE51FE1A21D00A73C7B /* AppDelegate.swift in Sources */ = {isa = PBXBuildFile; fileRef = 2C746CE41FE1A21D00A73C7B /* AppDelegate.swift */; };
		2C746CE71FE1A21D00A73C7B /* ViewController.swift in Sources */ = {isa = PBXBuildFile; fileRef = 2C746CE61FE1A21D00A73C7B /* ViewController.swift */; };
		2C746CEA1FE1A21D00A73C7B /* Main.storyboard in Resources */ = {isa = PBXBuildFile; fileRef = 2C746CE81FE1A21D00A73C7B /* Main.storyboard */; };
		2C746CEC1FE1A21D00A73C7B /* Assets.xcassets in Resources */ = {isa = PBXBuildFile; fileRef = 2C746CEB1FE1A21D00A73C7B /* Assets.xcassets */; };
		2C746CEF1FE1A21D00A73C7B /* LaunchScreen.storyboard in Resources */ = {isa = PBXBuildFile; fileRef = 2C746CED1FE1A21D00A73C7B /* LaunchScreen.storyboard */; };
		2C746CFA1FE1A21D00A73C7B /* CircularProgressExampleTests.swift in Sources */ = {isa = PBXBuildFile; fileRef = 2C746CF91FE1A21D00A73C7B /* CircularProgressExampleTests.swift */; };
/* End PBXBuildFile section */

/* Begin PBXContainerItemProxy section */
		2C746CF61FE1A21D00A73C7B /* PBXContainerItemProxy */ = {
			isa = PBXContainerItemProxy;
			containerPortal = 2C746CD91FE1A21D00A73C7B /* Project object */;
			proxyType = 1;
			remoteGlobalIDString = 2C746CE01FE1A21D00A73C7B;
			remoteInfo = CircularProgressExample;
		};
/* End PBXContainerItemProxy section */

/* Begin PBXFileReference section */
		2C746CE11FE1A21D00A73C7B /* CircularProgressExample.app */ = {isa = PBXFileReference; explicitFileType = wrapper.application; includeInIndex = 0; path = CircularProgressExample.app; sourceTree = BUILT_PRODUCTS_DIR; };
		2C746CE41FE1A21D00A73C7B /* AppDelegate.swift */ = {isa = PBXFileReference; lastKnownFileType = sourcecode.swift; path = AppDelegate.swift; sourceTree = "<group>"; };
		2C746CE61FE1A21D00A73C7B /* ViewController.swift */ = {isa = PBXFileReference; lastKnownFileType = sourcecode.swift; path = ViewController.swift; sourceTree = "<group>"; };
		2C746CE91FE1A21D00A73C7B /* Base */ = {isa = PBXFileReference; lastKnownFileType = file.storyboard; name = Base; path = Base.lproj/Main.storyboard; sourceTree = "<group>"; };
		2C746CEB1FE1A21D00A73C7B /* Assets.xcassets */ = {isa = PBXFileReference; lastKnownFileType = folder.assetcatalog; path = Assets.xcassets; sourceTree = "<group>"; };
		2C746CEE1FE1A21D00A73C7B /* Base */ = {isa = PBXFileReference; lastKnownFileType = file.storyboard; name = Base; path = Base.lproj/LaunchScreen.storyboard; sourceTree = "<group>"; };
		2C746CF01FE1A21D00A73C7B /* Info.plist */ = {isa = PBXFileReference; lastKnownFileType = text.plist.xml; path = Info.plist; sourceTree = "<group>"; };
		2C746CF51FE1A21D00A73C7B /* CircularProgressExampleTests.xctest */ = {isa = PBXFileReference; explicitFileType = wrapper.cfbundle; includeInIndex = 0; path = CircularProgressExampleTests.xctest; sourceTree = BUILT_PRODUCTS_DIR; };
		2C746CF91FE1A21D00A73C7B /* CircularProgressExampleTests.swift */ = {isa = PBXFileReference; lastKnownFileType = sourcecode.swift; path = CircularProgressExampleTests.swift; sourceTree = "<group>"; };
		2C746CFB1FE1A21D00A73C7B /* Info.plist */ = {isa = PBXFileReference; lastKnownFileType = text.plist.xml; path = Info.plist; sourceTree = "<group>"; };
/* End PBXFileReference section */

/* Begin PBXFrameworksBuildPhase section */
		2C746CDE1FE1A21D00A73C7B /* Frameworks */ = {
			isa = PBXFrameworksBuildPhase;
			buildActionMask = 2147483647;
			files = (
			);
			runOnlyForDeploymentPostprocessing = 0;
		};
		2C746CF21FE1A21D00A73C7B /* Frameworks */ = {
			isa = PBXFrameworksBuildPhase;
			buildActionMask = 2147483647;
			files = (
			);
			runOnlyForDeploymentPostprocessing = 0;
		};
/* End PBXFrameworksBuildPhase section */

/* Begin PBXGroup section */
		2C746CD81FE1A21D00A73C7B = {
			isa = PBXGroup;
			children = (
				2C746CE31FE1A21D00A73C7B /* CircularProgressExample */,
				2C746CF81FE1A21D00A73C7B /* CircularProgressExampleTests */,
				2C746CE21FE1A21D00A73C7B /* Products */,
			);
			sourceTree = "<group>";
		};
		2C746CE21FE1A21D00A73C7B /* Products */ = {
			isa = PBXGroup;
			children = (
				2C746CE11FE1A21D00A73C7B /* CircularProgressExample.app */,
				2C746CF51FE1A21D00A73C7B /* CircularProgressExampleTests.xctest */,
			);
			name = Products;
			sourceTree = "<group>";
		};
		2C746CE31FE1A21D00A73C7B /* CircularProgressExample */ = {
			isa = PBXGroup;
			children = (
				2C746CE41FE1A21D00A73C7B /* AppDelegate.swift */,
				2C746CE61FE1A21D00A73C7B /* ViewController.swift */,
				2C746CE81FE1A21D00A73C7B /* Main.storyboard */,
				2C746CEB1FE1A21D00A73C7B /* Assets.xcassets */,
				2C746CED1FE1A21D00A73C7B /* LaunchScreen.storyboard */,
				2C746CF01FE1A21D00A73C7B /* Info.plist */,
			);
			path = CircularProgressExample;
			sourceTree = "<group>";
		};
		2C746CF81FE1A21D00A73C7B /* CircularProgressExampleTests */ = {
			isa = PBXGroup;
			children = (
				2C746CF91FE1A21D00A73C7B /* CircularProgressExampleTests.swift */,
				2C746CFB1FE1A21D00A73C7B /* Info.plist */,
			);
			path = CircularProgressExampleTests;
			sourceTree = "<group>";
		};
/* End PBXGroup section */

/* Begin PBXNativeTarget section */
		2C746CE01FE1A21D00A73C7B /* CircularProgressExample */ = {
			isa = PBXNativeTarget;
			buildConfigurationList = 2C746CFE1FE1A21D00A73C7B /* Build configuration list for PBXNativeTarget "CircularProgressExample" */;
			buildPhases = (
				2C746CDD1FE1A21D00A73C7B /* Sources */,
				2C746CDE1FE1A21D00A73C7B /* Frameworks */,
				2C746CDF1FE1A21D00A73C7B /* Resources */,
			);
			buildRules = (
			);
			dependencies = (
			);
			name = CircularProgressExample;
			productName = CircularProgressExample;
			productReference = 2C746CE11FE1A21D00A73C7B /* CircularProgressExample.app */;
			productType = "com.apple.product-type.application";
		};
		2C746CF41FE1A21D00A73C7B /* CircularProgressExampleTests */ = {
			isa = PBXNativeTarget;
			buildConfigurationList = 2C746D011FE1A21D00A73C7B /* Build configuration list for PBXNativeTarget "CircularProgressExampleTests" */;
			buildPhases = (
				2C746CF11FE1A21D00A73C7B /* Sources */,
				2C746CF21FE1A21D00A73C7B /* Frameworks */,
				2C746CF31FE1A21D00A73C7B /* Resources */,
			);
			buildRules = (
			);
			dependencies = (
				2C746CF71FE1A21D00A73C7B /* PBXTargetDependency */,
			);
			name = CircularProgressExampleTests;
			productName = CircularProgressExampleTests;
			productReference = 2C746CF51FE1A21D00A73C7B /* CircularProgressExampleTests.xctest */;
			productType = "com.apple.product-type.bundle.unit-test";
		};
/* End PBXNativeTarget section */

/* Begin PBXProject section */
		2C746CD91FE1A21D00A73C7B /* Project object */ = {
			isa = PBXProject;
			attributes = {
				LastSwiftUpdateCheck = 0920;
				LastUpgradeCheck = 0920;
				ORGANIZATIONNAME = "Swipe Apps";
				TargetAttributes = {
					2C746CE01FE1A21D00A73C7B = {
						CreatedOnToolsVersion = 9.2;
						ProvisioningStyle = Automatic;
					};
					2C746CF41FE1A21D00A73C7B = {
						CreatedOnToolsVersion = 9.2;
						ProvisioningStyle = Automatic;
						TestTargetID = 2C746CE01FE1A21D00A73C7B;
					};
				};
			};
			buildConfigurationList = 2C746CDC1FE1A21D00A73C7B /* Build configuration list for PBXProject "CircularProgressExample" */;
			compatibilityVersion = "Xcode 8.0";
			developmentRegion = en;
			hasScannedForEncodings = 0;
			knownRegions = (
				en,
				Base,
			);
			mainGroup = 2C746CD81FE1A21D00A73C7B;
			productRefGroup = 2C746CE21FE1A21D00A73C7B /* Products */;
			projectDirPath = "";
			projectRoot = "";
			targets = (
				2C746CE01FE1A21D00A73C7B /* CircularProgressExample */,
				2C746CF41FE1A21D00A73C7B /* CircularProgressExampleTests */,
			);
		};
/* End PBXProject section */

/* Begin PBXResourcesBuildPhase section */
		2C746CDF1FE1A21D00A73C7B /* Resources */ = {
			isa = PBXResourcesBuildPhase;
			buildActionMask = 2147483647;
			files = (
				2C746CEF1FE1A21D00A73C7B /* LaunchScreen.storyboard in Resources */,
				2C746CEC1FE1A21D00A73C7B /* Assets.xcassets in Resources */,
				2C746CEA1FE1A21D00A73C7B /* Main.storyboard in Resources */,
			);
			runOnlyForDeploymentPostprocessing = 0;
		};
		2C746CF31FE1A21D00A73C7B /* Resources */ = {
			isa = PBXResourcesBuildPhase;
			buildActionMask = 2147483647;
			files = (
			);
			runOnlyForDeploymentPostprocessing = 0;
		};
/* End PBXResourcesBuildPhase section */

/* Begin PBXSourcesBuildPhase section */
		2C746CDD1FE1A21D00A73C7B /* Sources */ = {
			isa = PBXSourcesBuildPhase;
			buildActionMask = 2147483647;
			files = (
				2C746CE71FE1A21D00A73C7B /* ViewController.swift in Sources */,
				2C746CE51FE1A21D00A73C7B /* AppDelegate.swift in Sources */,
			);
			runOnlyForDeploymentPostprocessing = 0;
		};
		2C746CF11FE1A21D00A73C7B /* Sources */ = {
			isa = PBXSourcesBuildPhase;
			buildActionMask = 2147483647;
			files = (
				2C746CFA1FE1A21D00A73C7B /* CircularProgressExampleTests.swift in Sources */,
			);
			runOnlyForDeploymentPostprocessing = 0;
		};
/* End PBXSourcesBuildPhase section */

/* Begin PBXTargetDependency section */
		2C746CF71FE1A21D00A73C7B /* PBXTargetDependency */ = {
			isa = PBXTargetDependency;
			target = 2C746CE01FE1A21D00A73C7B /* CircularProgressExample */;
			targetProxy = 2C746CF61FE1A21D00A73C7B /* PBXContainerItemProxy */;
		};
/* End PBXTargetDependency section */

/* Begin PBXVariantGroup section */
		2C746CE81FE1A21D00A73C7B /* Main.storyboard */ = {
			isa = PBXVariantGroup;
			children = (
				2C746CE91FE1A21D00A73C7B /* Base */,
			);
			name = Main.storyboard;
			sourceTree = "<group>";
		};
		2C746CED1FE1A21D00A73C7B /* LaunchScreen.storyboard */ = {
			isa = PBXVariantGroup;
			children = (
				2C746CEE1FE1A21D00A73C7B /* Base */,
			);
			name = LaunchScreen.storyboard;
			sourceTree = "<group>";
		};
/* End PBXVariantGroup section */

/* Begin XCBuildConfiguration section */
		2C746CFC1FE1A21D00A73C7B /* Debug */ = {
			isa = XCBuildConfiguration;
			buildSettings = {
				ALWAYS_SEARCH_USER_PATHS = NO;
				CLANG_ANALYZER_NONNULL = YES;
				CLANG_ANALYZER_NUMBER_OBJECT_CONVERSION = YES_AGGRESSIVE;
				CLANG_CXX_LANGUAGE_STANDARD = "gnu++14";
				CLANG_CXX_LIBRARY = "libc++";
				CLANG_ENABLE_MODULES = YES;
				CLANG_ENABLE_OBJC_ARC = YES;
				CLANG_WARN_BLOCK_CAPTURE_AUTORELEASING = YES;
				CLANG_WARN_BOOL_CONVERSION = YES;
				CLANG_WARN_COMMA = YES;
				CLANG_WARN_CONSTANT_CONVERSION = YES;
				CLANG_WARN_DIRECT_OBJC_ISA_USAGE = YES_ERROR;
				CLANG_WARN_DOCUMENTATION_COMMENTS = YES;
				CLANG_WARN_EMPTY_BODY = YES;
				CLANG_WARN_ENUM_CONVERSION = YES;
				CLANG_WARN_INFINITE_RECURSION = YES;
				CLANG_WARN_INT_CONVERSION = YES;
				CLANG_WARN_NON_LITERAL_NULL_CONVERSION = YES;
				CLANG_WARN_OBJC_LITERAL_CONVERSION = YES;
				CLANG_WARN_OBJC_ROOT_CLASS = YES_ERROR;
				CLANG_WARN_RANGE_LOOP_ANALYSIS = YES;
				CLANG_WARN_STRICT_PROTOTYPES = YES;
				CLANG_WARN_SUSPICIOUS_MOVE = YES;
				CLANG_WARN_UNGUARDED_AVAILABILITY = YES_AGGRESSIVE;
				CLANG_WARN_UNREACHABLE_CODE = YES;
				CLANG_WARN__DUPLICATE_METHOD_MATCH = YES;
				CODE_SIGN_IDENTITY = "iPhone Developer";
				COPY_PHASE_STRIP = NO;
				DEBUG_INFORMATION_FORMAT = dwarf;
				ENABLE_STRICT_OBJC_MSGSEND = YES;
				ENABLE_TESTABILITY = YES;
				GCC_C_LANGUAGE_STANDARD = gnu11;
				GCC_DYNAMIC_NO_PIC = NO;
				GCC_NO_COMMON_BLOCKS = YES;
				GCC_OPTIMIZATION_LEVEL = 0;
				GCC_PREPROCESSOR_DEFINITIONS = (
					"DEBUG=1",
					"$(inherited)",
				);
				GCC_WARN_64_TO_32_BIT_CONVERSION = YES;
				GCC_WARN_ABOUT_RETURN_TYPE = YES_ERROR;
				GCC_WARN_UNDECLARED_SELECTOR = YES;
				GCC_WARN_UNINITIALIZED_AUTOS = YES_AGGRESSIVE;
				GCC_WARN_UNUSED_FUNCTION = YES;
				GCC_WARN_UNUSED_VARIABLE = YES;
				IPHONEOS_DEPLOYMENT_TARGET = 11.2;
				MTL_ENABLE_DEBUG_INFO = YES;
				ONLY_ACTIVE_ARCH = YES;
				SDKROOT = iphoneos;
				SWIFT_ACTIVE_COMPILATION_CONDITIONS = DEBUG;
				SWIFT_OPTIMIZATION_LEVEL = "-Onone";
			};
			name = Debug;
		};
		2C746CFD1FE1A21D00A73C7B /* Release */ = {
			isa = XCBuildConfiguration;
			buildSettings = {
				ALWAYS_SEARCH_USER_PATHS = NO;
				CLANG_ANALYZER_NONNULL = YES;
				CLANG_ANALYZER_NUMBER_OBJECT_CONVERSION = YES_AGGRESSIVE;
				CLANG_CXX_LANGUAGE_STANDARD = "gnu++14";
				CLANG_CXX_LIBRARY = "libc++";
				CLANG_ENABLE_MODULES = YES;
				CLANG_ENABLE_OBJC_ARC = YES;
				CLANG_WARN_BLOCK_CAPTURE_AUTORELEASING = YES;
				CLANG_WARN_BOOL_CONVERSION = YES;
				CLANG_WARN_COMMA = YES;
				CLANG_WARN_CONSTANT_CONVERSION = YES;
				CLANG_WARN_DIRECT_OBJC_ISA_USAGE = YES_ERROR;
				CLANG_WARN_DOCUMENTATION_COMMENTS = YES;
				CLANG_WARN_EMPTY_BODY = YES;
				CLANG_WARN_ENUM_CONVERSION = YES;
				CLANG_WARN_INFINITE_RECURSION = YES;
				CLANG_WARN_INT_CONVERSION = YES;
				CLANG_WARN_NON_LITERAL_NULL_CONVERSION = YES;
				CLANG_WARN_OBJC_LITERAL_CONVERSION = YES;
				CLANG_WARN_OBJC_ROOT_CLASS = YES_ERROR;
				CLANG_WARN_RANGE_LOOP_ANALYSIS = YES;
				CLANG_WARN_STRICT_PROTOTYPES = YES;
				CLANG_WARN_SUSPICIOUS_MOVE = YES;
				CLANG_WARN_UNGUARDED_AVAILABILITY = YES_AGGRESSIVE;
				CLANG_WARN_UNREACHABLE_CODE = YES;
				CLANG_WARN__DUPLICATE_METHOD_MATCH = YES;
				CODE_SIGN_IDENTITY = "iPhone Developer";
				COPY_PHASE_STRIP = NO;
				DEBUG_INFORMATION_FORMAT = "dwarf-with-dsym";
				ENABLE_NS_ASSERTIONS = NO;
				ENABLE_STRICT_OBJC_MSGSEND = YES;
				GCC_C_LANGUAGE_STANDARD = gnu11;
				GCC_NO_COMMON_BLOCKS = YES;
				GCC_WARN_64_TO_32_BIT_CONVERSION = YES;
				GCC_WARN_ABOUT_RETURN_TYPE = YES_ERROR;
				GCC_WARN_UNDECLARED_SELECTOR = YES;
				GCC_WARN_UNINITIALIZED_AUTOS = YES_AGGRESSIVE;
				GCC_WARN_UNUSED_FUNCTION = YES;
				GCC_WARN_UNUSED_VARIABLE = YES;
				IPHONEOS_DEPLOYMENT_TARGET = 11.2;
				MTL_ENABLE_DEBUG_INFO = NO;
				SDKROOT = iphoneos;
				SWIFT_OPTIMIZATION_LEVEL = "-Owholemodule";
				VALIDATE_PRODUCT = YES;
			};
			name = Release;
		};
		2C746CFF1FE1A21D00A73C7B /* Debug */ = {
			isa = XCBuildConfiguration;
			buildSettings = {
				ASSETCATALOG_COMPILER_APPICON_NAME = AppIcon;
				CODE_SIGN_STYLE = Automatic;
				INFOPLIST_FILE = CircularProgressExample/Info.plist;
				LD_RUNPATH_SEARCH_PATHS = "$(inherited) @executable_path/Frameworks";
				PRODUCT_BUNDLE_IDENTIFIER = io.swipeapps.CircularProgressExample;
				PRODUCT_NAME = "$(TARGET_NAME)";
				SWIFT_VERSION = 4.0;
				TARGETED_DEVICE_FAMILY = "1,2";
			};
			name = Debug;
		};
		2C746D001FE1A21D00A73C7B /* Release */ = {
			isa = XCBuildConfiguration;
			buildSettings = {
				ASSETCATALOG_COMPILER_APPICON_NAME = AppIcon;
				CODE_SIGN_STYLE = Automatic;
				INFOPLIST_FILE = CircularProgressExample/Info.plist;
				LD_RUNPATH_SEARCH_PATHS = "$(inherited) @executable_path/Frameworks";
				PRODUCT_BUNDLE_IDENTIFIER = io.swipeapps.CircularProgressExample;
				PRODUCT_NAME = "$(TARGET_NAME)";
				SWIFT_VERSION = 4.0;
				TARGETED_DEVICE_FAMILY = "1,2";
			};
			name = Release;
		};
		2C746D021FE1A21D00A73C7B /* Debug */ = {
			isa = XCBuildConfiguration;
			buildSettings = {
				ALWAYS_EMBED_SWIFT_STANDARD_LIBRARIES = YES;
				BUNDLE_LOADER = "$(TEST_HOST)";
				CODE_SIGN_STYLE = Automatic;
				INFOPLIST_FILE = CircularProgressExampleTests/Info.plist;
				LD_RUNPATH_SEARCH_PATHS = "$(inherited) @executable_path/Frameworks @loader_path/Frameworks";
				PRODUCT_BUNDLE_IDENTIFIER = io.swipeapps.CircularProgressExampleTests;
				PRODUCT_NAME = "$(TARGET_NAME)";
				SWIFT_VERSION = 4.0;
				TARGETED_DEVICE_FAMILY = "1,2";
				TEST_HOST = "$(BUILT_PRODUCTS_DIR)/CircularProgressExample.app/CircularProgressExample";
			};
			name = Debug;
		};
		2C746D031FE1A21D00A73C7B /* Release */ = {
			isa = XCBuildConfiguration;
			buildSettings = {
				ALWAYS_EMBED_SWIFT_STANDARD_LIBRARIES = YES;
				BUNDLE_LOADER = "$(TEST_HOST)";
				CODE_SIGN_STYLE = Automatic;
				INFOPLIST_FILE = CircularProgressExampleTests/Info.plist;
				LD_RUNPATH_SEARCH_PATHS = "$(inherited) @executable_path/Frameworks @loader_path/Frameworks";
				PRODUCT_BUNDLE_IDENTIFIER = io.swipeapps.CircularProgressExampleTests;
				PRODUCT_NAME = "$(TARGET_NAME)";
				SWIFT_VERSION = 4.0;
				TARGETED_DEVICE_FAMILY = "1,2";
				TEST_HOST = "$(BUILT_PRODUCTS_DIR)/CircularProgressExample.app/CircularProgressExample";
			};
			name = Release;
		};
/* End XCBuildConfiguration section */

/* Begin XCConfigurationList section */
		2C746CDC1FE1A21D00A73C7B /* Build configuration list for PBXProject "CircularProgressExample" */ = {
			isa = XCConfigurationList;
			buildConfigurations = (
				2C746CFC1FE1A21D00A73C7B /* Debug */,
				2C746CFD1FE1A21D00A73C7B /* Release */,
			);
			defaultConfigurationIsVisible = 0;
			defaultConfigurationName = Release;
		};
		2C746CFE1FE1A21D00A73C7B /* Build configuration list for PBXNativeTarget "CircularProgressExample" */ = {
			isa = XCConfigurationList;
			buildConfigurations = (
				2C746CFF1FE1A21D00A73C7B /* Debug */,
				2C746D001FE1A21D00A73C7B /* Release */,
			);
			defaultConfigurationIsVisible = 0;
			defaultConfigurationName = Release;
		};
		2C746D011FE1A21D00A73C7B /* Build configuration list for PBXNativeTarget "CircularProgressExampleTests" */ = {
			isa = XCConfigurationList;
			buildConfigurations = (
				2C746D021FE1A21D00A73C7B /* Debug */,
				2C746D031FE1A21D00A73C7B /* Release */,
			);
			defaultConfigurationIsVisible = 0;
			defaultConfigurationName = Release;
		};
/* End XCConfigurationList section */
	};
	rootObject = 2C746CD91FE1A21D00A73C7B /* Project object */;
}
